
Microsoft Visual Studio Solution File, Format Version 12.00
# Visual Studio Version 17
VisualStudioVersion = 17.7.34009.444
MinimumVisualStudioVersion = 10.0.40219.1
Project("{9A19103F-16F7-4668-BE54-9A1E7A4F7556}") = "CKK.Logic", "CKK.Logic\CKK.Logic.csproj", "{2387BD9F-FBC8-4D81-BBE0-4A5F829B7527}"
EndProject
Project("{9A19103F-16F7-4668-BE54-9A1E7A4F7556}") = "CKK.Logic.tests", "CKK.Logic.tests\CKK.Logic.tests.csproj", "{6E28D2A9-90A5-418D-B6FF-A0FF46DA2781}"
EndProject
Project("{9A19103F-16F7-4668-BE54-9A1E7A4F7556}") = "CKK.UI", "CKK.UI\CKK.UI.csproj", "{D27823B7-27D3-4986-8A31-A9BAD589F600}"
EndProject
Project("{2150E333-8FDC-42A3-9474-1A3956D46DE8}") = "Solution Items", "Solution Items", "{1F9D41AB-2C30-4BB3-B991-9E0C408C11F6}"
	ProjectSection(SolutionItems) = preProject
		grocery_store.jpg = grocery_store.jpg
	EndProjectSection
EndProject
Project("{FAE04EC0-301F-11D3-BF4B-00C04F79EFBC}") = "CKK.Persistance", "CKK.Persistance\CKK.Persistance.csproj", "{0E22D8E4-4DEA-4052-AA0B-5AB4374E4BDF}"
EndProject
Global
	GlobalSection(SolutionConfigurationPlatforms) = preSolution
		Debug|Any CPU = Debug|Any CPU
		Release|Any CPU = Release|Any CPU
	EndGlobalSection
	GlobalSection(ProjectConfigurationPlatforms) = postSolution
		{2387BD9F-FBC8-4D81-BBE0-4A5F829B7527}.Debug|Any CPU.ActiveCfg = Debug|Any CPU
		{2387BD9F-FBC8-4D81-BBE0-4A5F829B7527}.Debug|Any CPU.Build.0 = Debug|Any CPU
		{2387BD9F-FBC8-4D81-BBE0-4A5F829B7527}.Release|Any CPU.ActiveCfg = Release|Any CPU
		{2387BD9F-FBC8-4D81-BBE0-4A5F829B7527}.Release|Any CPU.Build.0 = Release|Any CPU
		{6E28D2A9-90A5-418D-B6FF-A0FF46DA2781}.Debug|Any CPU.ActiveCfg = Debug|Any CPU
		{6E28D2A9-90A5-418D-B6FF-A0FF46DA2781}.Debug|Any CPU.Build.0 = Debug|Any CPU
		{6E28D2A9-90A5-418D-B6FF-A0FF46DA2781}.Release|Any CPU.ActiveCfg = Release|Any CPU
		{6E28D2A9-90A5-418D-B6FF-A0FF46DA2781}.Release|Any CPU.Build.0 = Release|Any CPU
		{D27823B7-27D3-4986-8A31-A9BAD589F600}.Debug|Any CPU.ActiveCfg = Debug|Any CPU
		{D27823B7-27D3-4986-8A31-A9BAD589F600}.Debug|Any CPU.Build.0 = Debug|Any CPU
		{D27823B7-27D3-4986-8A31-A9BAD589F600}.Release|Any CPU.ActiveCfg = Release|Any CPU
		{D27823B7-27D3-4986-8A31-A9BAD589F600}.Release|Any CPU.Build.0 = Release|Any CPU
		{0E22D8E4-4DEA-4052-AA0B-5AB4374E4BDF}.Debug|Any CPU.ActiveCfg = Debug|Any CPU
		{0E22D8E4-4DEA-4052-AA0B-5AB4374E4BDF}.Debug|Any CPU.Build.0 = Debug|Any CPU
		{0E22D8E4-4DEA-4052-AA0B-5AB4374E4BDF}.Release|Any CPU.ActiveCfg = Release|Any CPU
		{0E22D8E4-4DEA-4052-AA0B-5AB4374E4BDF}.Release|Any CPU.Build.0 = Release|Any CPU
	EndGlobalSection
	GlobalSection(SolutionProperties) = preSolution
		HideSolutionNode = FALSE
	EndGlobalSection
	GlobalSection(ExtensibilityGlobals) = postSolution
		SolutionGuid = {D38ADA5F-822A-4D2D-82EF-98F36918B0C0}
	EndGlobalSection
EndGlobal
